// !$*UTF8*$!
{
	archiveVersion = 1;
	classes = {
	};
	objectVersion = 55;
	objects = {

/* Begin PBXBuildFile section */
		975656A33D0E9D089A89B9BB /* Pods_armarioViewing_armarioViewingUITests.framework in Frameworks */ = {isa = PBXBuildFile; fileRef = 955E9747E320A60100D1FF1B /* Pods_armarioViewing_armarioViewingUITests.framework */; };
		9E63F43D04E8E74323396EE6 /* Pods_armarioViewing.framework in Frameworks */ = {isa = PBXBuildFile; fileRef = 056C077576E581EA782B78CE /* Pods_armarioViewing.framework */; };
		C94AD98A275FBB4900B2FDF2 /* ProfileImageViewController.swift in Sources */ = {isa = PBXBuildFile; fileRef = C94AD989275FBB4900B2FDF2 /* ProfileImageViewController.swift */; };
		C94AD9932761434500B2FDF2 /* GridCollectionViewCell.swift in Sources */ = {isa = PBXBuildFile; fileRef = C94AD9922761434500B2FDF2 /* GridCollectionViewCell.swift */; };
		C973E385274B3AA900AEAC17 /* WardrobeGridViewController.swift in Sources */ = {isa = PBXBuildFile; fileRef = C973E384274B3AA900AEAC17 /* WardrobeGridViewController.swift */; };
		C973E389274B3C1200AEAC17 /* ProfileViewController.swift in Sources */ = {isa = PBXBuildFile; fileRef = C973E388274B3C1200AEAC17 /* ProfileViewController.swift */; };
		C973E38F274B4B9000AEAC17 /* MainTabBarController.swift in Sources */ = {isa = PBXBuildFile; fileRef = C973E38E274B4B9000AEAC17 /* MainTabBarController.swift */; };
		C9BAA56A2742193D005C7210 /* AppDelegate.swift in Sources */ = {isa = PBXBuildFile; fileRef = C9BAA5692742193D005C7210 /* AppDelegate.swift */; };
		C9BAA56C2742193D005C7210 /* SceneDelegate.swift in Sources */ = {isa = PBXBuildFile; fileRef = C9BAA56B2742193D005C7210 /* SceneDelegate.swift */; };
		C9BAA56E2742193D005C7210 /* ViewController.swift in Sources */ = {isa = PBXBuildFile; fileRef = C9BAA56D2742193D005C7210 /* ViewController.swift */; };
		C9BAA5712742193D005C7210 /* Main.storyboard in Resources */ = {isa = PBXBuildFile; fileRef = C9BAA56F2742193D005C7210 /* Main.storyboard */; };
		C9BAA5732742193F005C7210 /* Assets.xcassets in Resources */ = {isa = PBXBuildFile; fileRef = C9BAA5722742193F005C7210 /* Assets.xcassets */; };
		C9BAA5762742193F005C7210 /* LaunchScreen.storyboard in Resources */ = {isa = PBXBuildFile; fileRef = C9BAA5742742193F005C7210 /* LaunchScreen.storyboard */; };
		C9BAA5812742193F005C7210 /* armarioViewingTests.swift in Sources */ = {isa = PBXBuildFile; fileRef = C9BAA5802742193F005C7210 /* armarioViewingTests.swift */; };
		C9BAA58B2742193F005C7210 /* armarioViewingUITests.swift in Sources */ = {isa = PBXBuildFile; fileRef = C9BAA58A2742193F005C7210 /* armarioViewingUITests.swift */; };
		C9BAA58D2742193F005C7210 /* armarioViewingUITestsLaunchTests.swift in Sources */ = {isa = PBXBuildFile; fileRef = C9BAA58C2742193F005C7210 /* armarioViewingUITestsLaunchTests.swift */; };
		C9BAA59A27431487005C7210 /* LoginViewController.swift in Sources */ = {isa = PBXBuildFile; fileRef = C9BAA59927431487005C7210 /* LoginViewController.swift */; };
		C9BAA59C274314E1005C7210 /* FeedViewController.swift in Sources */ = {isa = PBXBuildFile; fileRef = C9BAA59B274314E1005C7210 /* FeedViewController.swift */; };
		C9BAA59E274314FB005C7210 /* CameraViewController.swift in Sources */ = {isa = PBXBuildFile; fileRef = C9BAA59D274314FB005C7210 /* CameraViewController.swift */; };
		C9BAA5A027431518005C7210 /* PostCell.swift in Sources */ = {isa = PBXBuildFile; fileRef = C9BAA59F27431518005C7210 /* PostCell.swift */; };
		C9BAA5A227431547005C7210 /* CommentCell.swift in Sources */ = {isa = PBXBuildFile; fileRef = C9BAA5A127431547005C7210 /* CommentCell.swift */; };
		CD21E56D6457559B28DD5333 /* Pods_armarioViewingTests.framework in Frameworks */ = {isa = PBXBuildFile; fileRef = B60A6E71C77E450548A713DC /* Pods_armarioViewingTests.framework */; };
/* End PBXBuildFile section */

/* Begin PBXContainerItemProxy section */
		C9BAA57D2742193F005C7210 /* PBXContainerItemProxy */ = {
			isa = PBXContainerItemProxy;
			containerPortal = C9BAA55E2742193D005C7210 /* Project object */;
			proxyType = 1;
			remoteGlobalIDString = C9BAA5652742193D005C7210;
			remoteInfo = armarioViewing;
		};
		C9BAA5872742193F005C7210 /* PBXContainerItemProxy */ = {
			isa = PBXContainerItemProxy;
			containerPortal = C9BAA55E2742193D005C7210 /* Project object */;
			proxyType = 1;
			remoteGlobalIDString = C9BAA5652742193D005C7210;
			remoteInfo = armarioViewing;
		};
/* End PBXContainerItemProxy section */

/* Begin PBXFileReference section */
		056C077576E581EA782B78CE /* Pods_armarioViewing.framework */ = {isa = PBXFileReference; explicitFileType = wrapper.framework; includeInIndex = 0; path = Pods_armarioViewing.framework; sourceTree = BUILT_PRODUCTS_DIR; };
		5403A8D4741BF18E94AD0B08 /* Pods-armarioViewing.debug.xcconfig */ = {isa = PBXFileReference; includeInIndex = 1; lastKnownFileType = text.xcconfig; name = "Pods-armarioViewing.debug.xcconfig"; path = "Target Support Files/Pods-armarioViewing/Pods-armarioViewing.debug.xcconfig"; sourceTree = "<group>"; };
		5A8E3A8F19BC4A26AFB671A8 /* Pods-armarioViewing.release.xcconfig */ = {isa = PBXFileReference; includeInIndex = 1; lastKnownFileType = text.xcconfig; name = "Pods-armarioViewing.release.xcconfig"; path = "Target Support Files/Pods-armarioViewing/Pods-armarioViewing.release.xcconfig"; sourceTree = "<group>"; };
		5C2005BBB5AECEAD295F535F /* Pods-armarioViewing-armarioViewingUITests.debug.xcconfig */ = {isa = PBXFileReference; includeInIndex = 1; lastKnownFileType = text.xcconfig; name = "Pods-armarioViewing-armarioViewingUITests.debug.xcconfig"; path = "Target Support Files/Pods-armarioViewing-armarioViewingUITests/Pods-armarioViewing-armarioViewingUITests.debug.xcconfig"; sourceTree = "<group>"; };
		955E9747E320A60100D1FF1B /* Pods_armarioViewing_armarioViewingUITests.framework */ = {isa = PBXFileReference; explicitFileType = wrapper.framework; includeInIndex = 0; path = Pods_armarioViewing_armarioViewingUITests.framework; sourceTree = BUILT_PRODUCTS_DIR; };
		B113C41B5B1F6EA0B0FA9A76 /* Pods-armarioViewing-armarioViewingUITests.release.xcconfig */ = {isa = PBXFileReference; includeInIndex = 1; lastKnownFileType = text.xcconfig; name = "Pods-armarioViewing-armarioViewingUITests.release.xcconfig"; path = "Target Support Files/Pods-armarioViewing-armarioViewingUITests/Pods-armarioViewing-armarioViewingUITests.release.xcconfig"; sourceTree = "<group>"; };
		B60A6E71C77E450548A713DC /* Pods_armarioViewingTests.framework */ = {isa = PBXFileReference; explicitFileType = wrapper.framework; includeInIndex = 0; path = Pods_armarioViewingTests.framework; sourceTree = BUILT_PRODUCTS_DIR; };
		C94AD989275FBB4900B2FDF2 /* ProfileImageViewController.swift */ = {isa = PBXFileReference; lastKnownFileType = sourcecode.swift; path = ProfileImageViewController.swift; sourceTree = "<group>"; };
		C94AD9922761434500B2FDF2 /* GridCollectionViewCell.swift */ = {isa = PBXFileReference; lastKnownFileType = sourcecode.swift; path = GridCollectionViewCell.swift; sourceTree = "<group>"; };
		C973E384274B3AA900AEAC17 /* WardrobeGridViewController.swift */ = {isa = PBXFileReference; lastKnownFileType = sourcecode.swift; path = WardrobeGridViewController.swift; sourceTree = "<group>"; };
		C973E388274B3C1200AEAC17 /* ProfileViewController.swift */ = {isa = PBXFileReference; lastKnownFileType = sourcecode.swift; path = ProfileViewController.swift; sourceTree = "<group>"; };
		C973E38E274B4B9000AEAC17 /* MainTabBarController.swift */ = {isa = PBXFileReference; lastKnownFileType = sourcecode.swift; path = MainTabBarController.swift; sourceTree = "<group>"; };
		C9BAA5662742193D005C7210 /* armarioViewing.app */ = {isa = PBXFileReference; explicitFileType = wrapper.application; includeInIndex = 0; path = armarioViewing.app; sourceTree = BUILT_PRODUCTS_DIR; };
		C9BAA5692742193D005C7210 /* AppDelegate.swift */ = {isa = PBXFileReference; lastKnownFileType = sourcecode.swift; path = AppDelegate.swift; sourceTree = "<group>"; };
		C9BAA56B2742193D005C7210 /* SceneDelegate.swift */ = {isa = PBXFileReference; lastKnownFileType = sourcecode.swift; path = SceneDelegate.swift; sourceTree = "<group>"; };
		C9BAA56D2742193D005C7210 /* ViewController.swift */ = {isa = PBXFileReference; lastKnownFileType = sourcecode.swift; path = ViewController.swift; sourceTree = "<group>"; };
		C9BAA5702742193D005C7210 /* Base */ = {isa = PBXFileReference; lastKnownFileType = file.storyboard; name = Base; path = Base.lproj/Main.storyboard; sourceTree = "<group>"; };
		C9BAA5722742193F005C7210 /* Assets.xcassets */ = {isa = PBXFileReference; lastKnownFileType = folder.assetcatalog; path = Assets.xcassets; sourceTree = "<group>"; };
		C9BAA5752742193F005C7210 /* Base */ = {isa = PBXFileReference; lastKnownFileType = file.storyboard; name = Base; path = Base.lproj/LaunchScreen.storyboard; sourceTree = "<group>"; };
		C9BAA5772742193F005C7210 /* Info.plist */ = {isa = PBXFileReference; lastKnownFileType = text.plist.xml; path = Info.plist; sourceTree = "<group>"; };
		C9BAA57C2742193F005C7210 /* armarioViewingTests.xctest */ = {isa = PBXFileReference; explicitFileType = wrapper.cfbundle; includeInIndex = 0; path = armarioViewingTests.xctest; sourceTree = BUILT_PRODUCTS_DIR; };
		C9BAA5802742193F005C7210 /* armarioViewingTests.swift */ = {isa = PBXFileReference; lastKnownFileType = sourcecode.swift; path = armarioViewingTests.swift; sourceTree = "<group>"; };
		C9BAA5862742193F005C7210 /* armarioViewingUITests.xctest */ = {isa = PBXFileReference; explicitFileType = wrapper.cfbundle; includeInIndex = 0; path = armarioViewingUITests.xctest; sourceTree = BUILT_PRODUCTS_DIR; };
		C9BAA58A2742193F005C7210 /* armarioViewingUITests.swift */ = {isa = PBXFileReference; lastKnownFileType = sourcecode.swift; path = armarioViewingUITests.swift; sourceTree = "<group>"; };
		C9BAA58C2742193F005C7210 /* armarioViewingUITestsLaunchTests.swift */ = {isa = PBXFileReference; lastKnownFileType = sourcecode.swift; path = armarioViewingUITestsLaunchTests.swift; sourceTree = "<group>"; };
		C9BAA59927431487005C7210 /* LoginViewController.swift */ = {isa = PBXFileReference; lastKnownFileType = sourcecode.swift; path = LoginViewController.swift; sourceTree = "<group>"; };
		C9BAA59B274314E1005C7210 /* FeedViewController.swift */ = {isa = PBXFileReference; lastKnownFileType = sourcecode.swift; path = FeedViewController.swift; sourceTree = "<group>"; };
		C9BAA59D274314FB005C7210 /* CameraViewController.swift */ = {isa = PBXFileReference; lastKnownFileType = sourcecode.swift; path = CameraViewController.swift; sourceTree = "<group>"; };
		C9BAA59F27431518005C7210 /* PostCell.swift */ = {isa = PBXFileReference; lastKnownFileType = sourcecode.swift; path = PostCell.swift; sourceTree = "<group>"; };
		C9BAA5A127431547005C7210 /* CommentCell.swift */ = {isa = PBXFileReference; lastKnownFileType = sourcecode.swift; path = CommentCell.swift; sourceTree = "<group>"; };
		DCF83C81D7FB76E922B4C66E /* Pods-armarioViewingTests.release.xcconfig */ = {isa = PBXFileReference; includeInIndex = 1; lastKnownFileType = text.xcconfig; name = "Pods-armarioViewingTests.release.xcconfig"; path = "Target Support Files/Pods-armarioViewingTests/Pods-armarioViewingTests.release.xcconfig"; sourceTree = "<group>"; };
		F81BC77A0D84E8DFADA76BBB /* Pods-armarioViewingTests.debug.xcconfig */ = {isa = PBXFileReference; includeInIndex = 1; lastKnownFileType = text.xcconfig; name = "Pods-armarioViewingTests.debug.xcconfig"; path = "Target Support Files/Pods-armarioViewingTests/Pods-armarioViewingTests.debug.xcconfig"; sourceTree = "<group>"; };
/* End PBXFileReference section */

/* Begin PBXFrameworksBuildPhase section */
		C9BAA5632742193D005C7210 /* Frameworks */ = {
			isa = PBXFrameworksBuildPhase;
			buildActionMask = 2147483647;
			files = (
				9E63F43D04E8E74323396EE6 /* Pods_armarioViewing.framework in Frameworks */,
			);
			runOnlyForDeploymentPostprocessing = 0;
		};
		C9BAA5792742193F005C7210 /* Frameworks */ = {
			isa = PBXFrameworksBuildPhase;
			buildActionMask = 2147483647;
			files = (
				CD21E56D6457559B28DD5333 /* Pods_armarioViewingTests.framework in Frameworks */,
			);
			runOnlyForDeploymentPostprocessing = 0;
		};
		C9BAA5832742193F005C7210 /* Frameworks */ = {
			isa = PBXFrameworksBuildPhase;
			buildActionMask = 2147483647;
			files = (
				975656A33D0E9D089A89B9BB /* Pods_armarioViewing_armarioViewingUITests.framework in Frameworks */,
			);
			runOnlyForDeploymentPostprocessing = 0;
		};
/* End PBXFrameworksBuildPhase section */

/* Begin PBXGroup section */
		1821DD487BB7AFC34C004BB5 /* Frameworks */ = {
			isa = PBXGroup;
			children = (
				056C077576E581EA782B78CE /* Pods_armarioViewing.framework */,
				955E9747E320A60100D1FF1B /* Pods_armarioViewing_armarioViewingUITests.framework */,
				B60A6E71C77E450548A713DC /* Pods_armarioViewingTests.framework */,
			);
			name = Frameworks;
			sourceTree = "<group>";
		};
		BB00C9854FA291CEB90198F0 /* Pods */ = {
			isa = PBXGroup;
			children = (
				5403A8D4741BF18E94AD0B08 /* Pods-armarioViewing.debug.xcconfig */,
				5A8E3A8F19BC4A26AFB671A8 /* Pods-armarioViewing.release.xcconfig */,
				5C2005BBB5AECEAD295F535F /* Pods-armarioViewing-armarioViewingUITests.debug.xcconfig */,
				B113C41B5B1F6EA0B0FA9A76 /* Pods-armarioViewing-armarioViewingUITests.release.xcconfig */,
				F81BC77A0D84E8DFADA76BBB /* Pods-armarioViewingTests.debug.xcconfig */,
				DCF83C81D7FB76E922B4C66E /* Pods-armarioViewingTests.release.xcconfig */,
			);
			path = Pods;
			sourceTree = "<group>";
		};
		C9BAA55D2742193D005C7210 = {
			isa = PBXGroup;
			children = (
				C9BAA5682742193D005C7210 /* armarioViewing */,
				C9BAA57F2742193F005C7210 /* armarioViewingTests */,
				C9BAA5892742193F005C7210 /* armarioViewingUITests */,
				C9BAA5672742193D005C7210 /* Products */,
				BB00C9854FA291CEB90198F0 /* Pods */,
				1821DD487BB7AFC34C004BB5 /* Frameworks */,
			);
			sourceTree = "<group>";
		};
		C9BAA5672742193D005C7210 /* Products */ = {
			isa = PBXGroup;
			children = (
				C9BAA5662742193D005C7210 /* armarioViewing.app */,
				C9BAA57C2742193F005C7210 /* armarioViewingTests.xctest */,
				C9BAA5862742193F005C7210 /* armarioViewingUITests.xctest */,
			);
			name = Products;
			sourceTree = "<group>";
		};
		C9BAA5682742193D005C7210 /* armarioViewing */ = {
			isa = PBXGroup;
			children = (
				C9BAA5692742193D005C7210 /* AppDelegate.swift */,
				C9BAA56B2742193D005C7210 /* SceneDelegate.swift */,
				C9BAA56D2742193D005C7210 /* ViewController.swift */,
				C9BAA56F2742193D005C7210 /* Main.storyboard */,
				C9BAA5722742193F005C7210 /* Assets.xcassets */,
				C9BAA5742742193F005C7210 /* LaunchScreen.storyboard */,
				C9BAA5772742193F005C7210 /* Info.plist */,
				C9BAA59927431487005C7210 /* LoginViewController.swift */,
				C9BAA59B274314E1005C7210 /* FeedViewController.swift */,
				C9BAA59D274314FB005C7210 /* CameraViewController.swift */,
				C9BAA59F27431518005C7210 /* PostCell.swift */,
				C9BAA5A127431547005C7210 /* CommentCell.swift */,
				C973E384274B3AA900AEAC17 /* WardrobeGridViewController.swift */,
				C973E388274B3C1200AEAC17 /* ProfileViewController.swift */,
				C973E38E274B4B9000AEAC17 /* MainTabBarController.swift */,
				C94AD989275FBB4900B2FDF2 /* ProfileImageViewController.swift */,
				C94AD9922761434500B2FDF2 /* GridCollectionViewCell.swift */,
			);
			path = armarioViewing;
			sourceTree = "<group>";
		};
		C9BAA57F2742193F005C7210 /* armarioViewingTests */ = {
			isa = PBXGroup;
			children = (
				C9BAA5802742193F005C7210 /* armarioViewingTests.swift */,
			);
			path = armarioViewingTests;
			sourceTree = "<group>";
		};
		C9BAA5892742193F005C7210 /* armarioViewingUITests */ = {
			isa = PBXGroup;
			children = (
				C9BAA58A2742193F005C7210 /* armarioViewingUITests.swift */,
				C9BAA58C2742193F005C7210 /* armarioViewingUITestsLaunchTests.swift */,
			);
			path = armarioViewingUITests;
			sourceTree = "<group>";
		};
/* End PBXGroup section */

/* Begin PBXNativeTarget section */
		C9BAA5652742193D005C7210 /* armarioViewing */ = {
			isa = PBXNativeTarget;
			buildConfigurationList = C9BAA5902742193F005C7210 /* Build configuration list for PBXNativeTarget "armarioViewing" */;
			buildPhases = (
				4021D8FA7EE1B8387846A0B4 /* [CP] Check Pods Manifest.lock */,
				C9BAA5622742193D005C7210 /* Sources */,
				C9BAA5632742193D005C7210 /* Frameworks */,
				C9BAA5642742193D005C7210 /* Resources */,
				EF723C2D7C50A40487ED0EBD /* [CP] Embed Pods Frameworks */,
			);
			buildRules = (
			);
			dependencies = (
			);
			name = armarioViewing;
			productName = armarioViewing;
			productReference = C9BAA5662742193D005C7210 /* armarioViewing.app */;
			productType = "com.apple.product-type.application";
		};
		C9BAA57B2742193F005C7210 /* armarioViewingTests */ = {
			isa = PBXNativeTarget;
			buildConfigurationList = C9BAA5932742193F005C7210 /* Build configuration list for PBXNativeTarget "armarioViewingTests" */;
			buildPhases = (
				52B0287F559CFFD8728033D5 /* [CP] Check Pods Manifest.lock */,
				C9BAA5782742193F005C7210 /* Sources */,
				C9BAA5792742193F005C7210 /* Frameworks */,
				C9BAA57A2742193F005C7210 /* Resources */,
			);
			buildRules = (
			);
			dependencies = (
				C9BAA57E2742193F005C7210 /* PBXTargetDependency */,
			);
			name = armarioViewingTests;
			productName = armarioViewingTests;
			productReference = C9BAA57C2742193F005C7210 /* armarioViewingTests.xctest */;
			productType = "com.apple.product-type.bundle.unit-test";
		};
		C9BAA5852742193F005C7210 /* armarioViewingUITests */ = {
			isa = PBXNativeTarget;
			buildConfigurationList = C9BAA5962742193F005C7210 /* Build configuration list for PBXNativeTarget "armarioViewingUITests" */;
			buildPhases = (
				5F37BC8D638E847E78C6DCFC /* [CP] Check Pods Manifest.lock */,
				C9BAA5822742193F005C7210 /* Sources */,
				C9BAA5832742193F005C7210 /* Frameworks */,
				C9BAA5842742193F005C7210 /* Resources */,
				04DDB1BDB1B44E5B289A6188 /* [CP] Embed Pods Frameworks */,
			);
			buildRules = (
			);
			dependencies = (
				C9BAA5882742193F005C7210 /* PBXTargetDependency */,
			);
			name = armarioViewingUITests;
			productName = armarioViewingUITests;
			productReference = C9BAA5862742193F005C7210 /* armarioViewingUITests.xctest */;
			productType = "com.apple.product-type.bundle.ui-testing";
		};
/* End PBXNativeTarget section */

/* Begin PBXProject section */
		C9BAA55E2742193D005C7210 /* Project object */ = {
			isa = PBXProject;
			attributes = {
				BuildIndependentTargetsInParallel = 1;
				LastSwiftUpdateCheck = 1310;
				LastUpgradeCheck = 1310;
				TargetAttributes = {
					C9BAA5652742193D005C7210 = {
						CreatedOnToolsVersion = 13.1;
					};
					C9BAA57B2742193F005C7210 = {
						CreatedOnToolsVersion = 13.1;
						TestTargetID = C9BAA5652742193D005C7210;
					};
					C9BAA5852742193F005C7210 = {
						CreatedOnToolsVersion = 13.1;
						TestTargetID = C9BAA5652742193D005C7210;
					};
				};
			};
			buildConfigurationList = C9BAA5612742193D005C7210 /* Build configuration list for PBXProject "armarioViewing" */;
			compatibilityVersion = "Xcode 13.0";
			developmentRegion = en;
			hasScannedForEncodings = 0;
			knownRegions = (
				en,
				Base,
			);
			mainGroup = C9BAA55D2742193D005C7210;
			productRefGroup = C9BAA5672742193D005C7210 /* Products */;
			projectDirPath = "";
			projectRoot = "";
			targets = (
				C9BAA5652742193D005C7210 /* armarioViewing */,
				C9BAA57B2742193F005C7210 /* armarioViewingTests */,
				C9BAA5852742193F005C7210 /* armarioViewingUITests */,
			);
		};
/* End PBXProject section */

/* Begin PBXResourcesBuildPhase section */
		C9BAA5642742193D005C7210 /* Resources */ = {
			isa = PBXResourcesBuildPhase;
			buildActionMask = 2147483647;
			files = (
				C9BAA5762742193F005C7210 /* LaunchScreen.storyboard in Resources */,
				C9BAA5732742193F005C7210 /* Assets.xcassets in Resources */,
				C9BAA5712742193D005C7210 /* Main.storyboard in Resources */,
			);
			runOnlyForDeploymentPostprocessing = 0;
		};
		C9BAA57A2742193F005C7210 /* Resources */ = {
			isa = PBXResourcesBuildPhase;
			buildActionMask = 2147483647;
			files = (
			);
			runOnlyForDeploymentPostprocessing = 0;
		};
		C9BAA5842742193F005C7210 /* Resources */ = {
			isa = PBXResourcesBuildPhase;
			buildActionMask = 2147483647;
			files = (
			);
			runOnlyForDeploymentPostprocessing = 0;
		};
/* End PBXResourcesBuildPhase section */

/* Begin PBXShellScriptBuildPhase section */
		04DDB1BDB1B44E5B289A6188 /* [CP] Embed Pods Frameworks */ = {
			isa = PBXShellScriptBuildPhase;
			buildActionMask = 2147483647;
			files = (
			);
			inputFileListPaths = (
				"${PODS_ROOT}/Target Support Files/Pods-armarioViewing-armarioViewingUITests/Pods-armarioViewing-armarioViewingUITests-frameworks-${CONFIGURATION}-input-files.xcfilelist",
			);
			name = "[CP] Embed Pods Frameworks";
			outputFileListPaths = (
				"${PODS_ROOT}/Target Support Files/Pods-armarioViewing-armarioViewingUITests/Pods-armarioViewing-armarioViewingUITests-frameworks-${CONFIGURATION}-output-files.xcfilelist",
			);
			runOnlyForDeploymentPostprocessing = 0;
			shellPath = /bin/sh;
			shellScript = "\"${PODS_ROOT}/Target Support Files/Pods-armarioViewing-armarioViewingUITests/Pods-armarioViewing-armarioViewingUITests-frameworks.sh\"\n";
			showEnvVarsInLog = 0;
		};
		4021D8FA7EE1B8387846A0B4 /* [CP] Check Pods Manifest.lock */ = {
			isa = PBXShellScriptBuildPhase;
			buildActionMask = 2147483647;
			files = (
			);
			inputFileListPaths = (
			);
			inputPaths = (
				"${PODS_PODFILE_DIR_PATH}/Podfile.lock",
				"${PODS_ROOT}/Manifest.lock",
			);
			name = "[CP] Check Pods Manifest.lock";
			outputFileListPaths = (
			);
			outputPaths = (
				"$(DERIVED_FILE_DIR)/Pods-armarioViewing-checkManifestLockResult.txt",
			);
			runOnlyForDeploymentPostprocessing = 0;
			shellPath = /bin/sh;
			shellScript = "diff \"${PODS_PODFILE_DIR_PATH}/Podfile.lock\" \"${PODS_ROOT}/Manifest.lock\" > /dev/null\nif [ $? != 0 ] ; then\n    # print error to STDERR\n    echo \"error: The sandbox is not in sync with the Podfile.lock. Run 'pod install' or update your CocoaPods installation.\" >&2\n    exit 1\nfi\n# This output is used by Xcode 'outputs' to avoid re-running this script phase.\necho \"SUCCESS\" > \"${SCRIPT_OUTPUT_FILE_0}\"\n";
			showEnvVarsInLog = 0;
		};
		52B0287F559CFFD8728033D5 /* [CP] Check Pods Manifest.lock */ = {
			isa = PBXShellScriptBuildPhase;
			buildActionMask = 2147483647;
			files = (
			);
			inputFileListPaths = (
			);
			inputPaths = (
				"${PODS_PODFILE_DIR_PATH}/Podfile.lock",
				"${PODS_ROOT}/Manifest.lock",
			);
			name = "[CP] Check Pods Manifest.lock";
			outputFileListPaths = (
			);
			outputPaths = (
				"$(DERIVED_FILE_DIR)/Pods-armarioViewingTests-checkManifestLockResult.txt",
			);
			runOnlyForDeploymentPostprocessing = 0;
			shellPath = /bin/sh;
			shellScript = "diff \"${PODS_PODFILE_DIR_PATH}/Podfile.lock\" \"${PODS_ROOT}/Manifest.lock\" > /dev/null\nif [ $? != 0 ] ; then\n    # print error to STDERR\n    echo \"error: The sandbox is not in sync with the Podfile.lock. Run 'pod install' or update your CocoaPods installation.\" >&2\n    exit 1\nfi\n# This output is used by Xcode 'outputs' to avoid re-running this script phase.\necho \"SUCCESS\" > \"${SCRIPT_OUTPUT_FILE_0}\"\n";
			showEnvVarsInLog = 0;
		};
		5F37BC8D638E847E78C6DCFC /* [CP] Check Pods Manifest.lock */ = {
			isa = PBXShellScriptBuildPhase;
			buildActionMask = 2147483647;
			files = (
			);
			inputFileListPaths = (
			);
			inputPaths = (
				"${PODS_PODFILE_DIR_PATH}/Podfile.lock",
				"${PODS_ROOT}/Manifest.lock",
			);
			name = "[CP] Check Pods Manifest.lock";
			outputFileListPaths = (
			);
			outputPaths = (
				"$(DERIVED_FILE_DIR)/Pods-armarioViewing-armarioViewingUITests-checkManifestLockResult.txt",
			);
			runOnlyForDeploymentPostprocessing = 0;
			shellPath = /bin/sh;
			shellScript = "diff \"${PODS_PODFILE_DIR_PATH}/Podfile.lock\" \"${PODS_ROOT}/Manifest.lock\" > /dev/null\nif [ $? != 0 ] ; then\n    # print error to STDERR\n    echo \"error: The sandbox is not in sync with the Podfile.lock. Run 'pod install' or update your CocoaPods installation.\" >&2\n    exit 1\nfi\n# This output is used by Xcode 'outputs' to avoid re-running this script phase.\necho \"SUCCESS\" > \"${SCRIPT_OUTPUT_FILE_0}\"\n";
			showEnvVarsInLog = 0;
		};
		EF723C2D7C50A40487ED0EBD /* [CP] Embed Pods Frameworks */ = {
			isa = PBXShellScriptBuildPhase;
			buildActionMask = 2147483647;
			files = (
			);
			inputFileListPaths = (
				"${PODS_ROOT}/Target Support Files/Pods-armarioViewing/Pods-armarioViewing-frameworks-${CONFIGURATION}-input-files.xcfilelist",
			);
			name = "[CP] Embed Pods Frameworks";
			outputFileListPaths = (
				"${PODS_ROOT}/Target Support Files/Pods-armarioViewing/Pods-armarioViewing-frameworks-${CONFIGURATION}-output-files.xcfilelist",
			);
			runOnlyForDeploymentPostprocessing = 0;
			shellPath = /bin/sh;
			shellScript = "\"${PODS_ROOT}/Target Support Files/Pods-armarioViewing/Pods-armarioViewing-frameworks.sh\"\n";
			showEnvVarsInLog = 0;
		};
/* End PBXShellScriptBuildPhase section */

/* Begin PBXSourcesBuildPhase section */
		C9BAA5622742193D005C7210 /* Sources */ = {
			isa = PBXSourcesBuildPhase;
			buildActionMask = 2147483647;
			files = (
				C9BAA59A27431487005C7210 /* LoginViewController.swift in Sources */,
				C973E38F274B4B9000AEAC17 /* MainTabBarController.swift in Sources */,
				C94AD98A275FBB4900B2FDF2 /* ProfileImageViewController.swift in Sources */,
				C94AD9932761434500B2FDF2 /* GridCollectionViewCell.swift in Sources */,
				C973E385274B3AA900AEAC17 /* WardrobeGridViewController.swift in Sources */,
				C9BAA56E2742193D005C7210 /* ViewController.swift in Sources */,
				C9BAA59C274314E1005C7210 /* FeedViewController.swift in Sources */,
				C9BAA56A2742193D005C7210 /* AppDelegate.swift in Sources */,
				C973E389274B3C1200AEAC17 /* ProfileViewController.swift in Sources */,
				C9BAA56C2742193D005C7210 /* SceneDelegate.swift in Sources */,
				C9BAA5A027431518005C7210 /* PostCell.swift in Sources */,
				C9BAA59E274314FB005C7210 /* CameraViewController.swift in Sources */,
				C9BAA5A227431547005C7210 /* CommentCell.swift in Sources */,
			);
			runOnlyForDeploymentPostprocessing = 0;
		};
		C9BAA5782742193F005C7210 /* Sources */ = {
			isa = PBXSourcesBuildPhase;
			buildActionMask = 2147483647;
			files = (
				C9BAA5812742193F005C7210 /* armarioViewingTests.swift in Sources */,
			);
			runOnlyForDeploymentPostprocessing = 0;
		};
		C9BAA5822742193F005C7210 /* Sources */ = {
			isa = PBXSourcesBuildPhase;
			buildActionMask = 2147483647;
			files = (
				C9BAA58D2742193F005C7210 /* armarioViewingUITestsLaunchTests.swift in Sources */,
				C9BAA58B2742193F005C7210 /* armarioViewingUITests.swift in Sources */,
			);
			runOnlyForDeploymentPostprocessing = 0;
		};
/* End PBXSourcesBuildPhase section */

/* Begin PBXTargetDependency section */
		C9BAA57E2742193F005C7210 /* PBXTargetDependency */ = {
			isa = PBXTargetDependency;
			target = C9BAA5652742193D005C7210 /* armarioViewing */;
			targetProxy = C9BAA57D2742193F005C7210 /* PBXContainerItemProxy */;
		};
		C9BAA5882742193F005C7210 /* PBXTargetDependency */ = {
			isa = PBXTargetDependency;
			target = C9BAA5652742193D005C7210 /* armarioViewing */;
			targetProxy = C9BAA5872742193F005C7210 /* PBXContainerItemProxy */;
		};
/* End PBXTargetDependency section */

/* Begin PBXVariantGroup section */
		C9BAA56F2742193D005C7210 /* Main.storyboard */ = {
			isa = PBXVariantGroup;
			children = (
				C9BAA5702742193D005C7210 /* Base */,
			);
			name = Main.storyboard;
			sourceTree = "<group>";
		};
		C9BAA5742742193F005C7210 /* LaunchScreen.storyboard */ = {
			isa = PBXVariantGroup;
			children = (
				C9BAA5752742193F005C7210 /* Base */,
			);
			name = LaunchScreen.storyboard;
			sourceTree = "<group>";
		};
/* End PBXVariantGroup section */

/* Begin XCBuildConfiguration section */
		C9BAA58E2742193F005C7210 /* Debug */ = {
			isa = XCBuildConfiguration;
			buildSettings = {
				ALWAYS_SEARCH_USER_PATHS = NO;
				CLANG_ANALYZER_NONNULL = YES;
				CLANG_ANALYZER_NUMBER_OBJECT_CONVERSION = YES_AGGRESSIVE;
				CLANG_CXX_LANGUAGE_STANDARD = "gnu++17";
				CLANG_CXX_LIBRARY = "libc++";
				CLANG_ENABLE_MODULES = YES;
				CLANG_ENABLE_OBJC_ARC = YES;
				CLANG_ENABLE_OBJC_WEAK = YES;
				CLANG_WARN_BLOCK_CAPTURE_AUTORELEASING = YES;
				CLANG_WARN_BOOL_CONVERSION = YES;
				CLANG_WARN_COMMA = YES;
				CLANG_WARN_CONSTANT_CONVERSION = YES;
				CLANG_WARN_DEPRECATED_OBJC_IMPLEMENTATIONS = YES;
				CLANG_WARN_DIRECT_OBJC_ISA_USAGE = YES_ERROR;
				CLANG_WARN_DOCUMENTATION_COMMENTS = YES;
				CLANG_WARN_EMPTY_BODY = YES;
				CLANG_WARN_ENUM_CONVERSION = YES;
				CLANG_WARN_INFINITE_RECURSION = YES;
				CLANG_WARN_INT_CONVERSION = YES;
				CLANG_WARN_NON_LITERAL_NULL_CONVERSION = YES;
				CLANG_WARN_OBJC_IMPLICIT_RETAIN_SELF = YES;
				CLANG_WARN_OBJC_LITERAL_CONVERSION = YES;
				CLANG_WARN_OBJC_ROOT_CLASS = YES_ERROR;
				CLANG_WARN_QUOTED_INCLUDE_IN_FRAMEWORK_HEADER = YES;
				CLANG_WARN_RANGE_LOOP_ANALYSIS = YES;
				CLANG_WARN_STRICT_PROTOTYPES = YES;
				CLANG_WARN_SUSPICIOUS_MOVE = YES;
				CLANG_WARN_UNGUARDED_AVAILABILITY = YES_AGGRESSIVE;
				CLANG_WARN_UNREACHABLE_CODE = YES;
				CLANG_WARN__DUPLICATE_METHOD_MATCH = YES;
				COPY_PHASE_STRIP = NO;
				DEBUG_INFORMATION_FORMAT = dwarf;
				ENABLE_STRICT_OBJC_MSGSEND = YES;
				ENABLE_TESTABILITY = YES;
				GCC_C_LANGUAGE_STANDARD = gnu11;
				GCC_DYNAMIC_NO_PIC = NO;
				GCC_NO_COMMON_BLOCKS = YES;
				GCC_OPTIMIZATION_LEVEL = 0;
				GCC_PREPROCESSOR_DEFINITIONS = (
					"DEBUG=1",
					"$(inherited)",
				);
				GCC_WARN_64_TO_32_BIT_CONVERSION = YES;
				GCC_WARN_ABOUT_RETURN_TYPE = YES_ERROR;
				GCC_WARN_UNDECLARED_SELECTOR = YES;
				GCC_WARN_UNINITIALIZED_AUTOS = YES_AGGRESSIVE;
				GCC_WARN_UNUSED_FUNCTION = YES;
				GCC_WARN_UNUSED_VARIABLE = YES;
				IPHONEOS_DEPLOYMENT_TARGET = 15.0;
				MTL_ENABLE_DEBUG_INFO = INCLUDE_SOURCE;
				MTL_FAST_MATH = YES;
				ONLY_ACTIVE_ARCH = YES;
				SDKROOT = iphoneos;
				SWIFT_ACTIVE_COMPILATION_CONDITIONS = DEBUG;
				SWIFT_OPTIMIZATION_LEVEL = "-Onone";
			};
			name = Debug;
		};
		C9BAA58F2742193F005C7210 /* Release */ = {
			isa = XCBuildConfiguration;
			buildSettings = {
				ALWAYS_SEARCH_USER_PATHS = NO;
				CLANG_ANALYZER_NONNULL = YES;
				CLANG_ANALYZER_NUMBER_OBJECT_CONVERSION = YES_AGGRESSIVE;
				CLANG_CXX_LANGUAGE_STANDARD = "gnu++17";
				CLANG_CXX_LIBRARY = "libc++";
				CLANG_ENABLE_MODULES = YES;
				CLANG_ENABLE_OBJC_ARC = YES;
				CLANG_ENABLE_OBJC_WEAK = YES;
				CLANG_WARN_BLOCK_CAPTURE_AUTORELEASING = YES;
				CLANG_WARN_BOOL_CONVERSION = YES;
				CLANG_WARN_COMMA = YES;
				CLANG_WARN_CONSTANT_CONVERSION = YES;
				CLANG_WARN_DEPRECATED_OBJC_IMPLEMENTATIONS = YES;
				CLANG_WARN_DIRECT_OBJC_ISA_USAGE = YES_ERROR;
				CLANG_WARN_DOCUMENTATION_COMMENTS = YES;
				CLANG_WARN_EMPTY_BODY = YES;
				CLANG_WARN_ENUM_CONVERSION = YES;
				CLANG_WARN_INFINITE_RECURSION = YES;
				CLANG_WARN_INT_CONVERSION = YES;
				CLANG_WARN_NON_LITERAL_NULL_CONVERSION = YES;
				CLANG_WARN_OBJC_IMPLICIT_RETAIN_SELF = YES;
				CLANG_WARN_OBJC_LITERAL_CONVERSION = YES;
				CLANG_WARN_OBJC_ROOT_CLASS = YES_ERROR;
				CLANG_WARN_QUOTED_INCLUDE_IN_FRAMEWORK_HEADER = YES;
				CLANG_WARN_RANGE_LOOP_ANALYSIS = YES;
				CLANG_WARN_STRICT_PROTOTYPES = YES;
				CLANG_WARN_SUSPICIOUS_MOVE = YES;
				CLANG_WARN_UNGUARDED_AVAILABILITY = YES_AGGRESSIVE;
				CLANG_WARN_UNREACHABLE_CODE = YES;
				CLANG_WARN__DUPLICATE_METHOD_MATCH = YES;
				COPY_PHASE_STRIP = NO;
				DEBUG_INFORMATION_FORMAT = "dwarf-with-dsym";
				ENABLE_NS_ASSERTIONS = NO;
				ENABLE_STRICT_OBJC_MSGSEND = YES;
				GCC_C_LANGUAGE_STANDARD = gnu11;
				GCC_NO_COMMON_BLOCKS = YES;
				GCC_WARN_64_TO_32_BIT_CONVERSION = YES;
				GCC_WARN_ABOUT_RETURN_TYPE = YES_ERROR;
				GCC_WARN_UNDECLARED_SELECTOR = YES;
				GCC_WARN_UNINITIALIZED_AUTOS = YES_AGGRESSIVE;
				GCC_WARN_UNUSED_FUNCTION = YES;
				GCC_WARN_UNUSED_VARIABLE = YES;
				IPHONEOS_DEPLOYMENT_TARGET = 15.0;
				MTL_ENABLE_DEBUG_INFO = NO;
				MTL_FAST_MATH = YES;
				SDKROOT = iphoneos;
				SWIFT_COMPILATION_MODE = wholemodule;
				SWIFT_OPTIMIZATION_LEVEL = "-O";
				VALIDATE_PRODUCT = YES;
			};
			name = Release;
		};
		C9BAA5912742193F005C7210 /* Debug */ = {
			isa = XCBuildConfiguration;
			baseConfigurationReference = 5403A8D4741BF18E94AD0B08 /* Pods-armarioViewing.debug.xcconfig */;
			buildSettings = {
				ASSETCATALOG_COMPILER_APPICON_NAME = AppIcon;
				ASSETCATALOG_COMPILER_GLOBAL_ACCENT_COLOR_NAME = AccentColor;
				CODE_SIGN_STYLE = Automatic;
				CURRENT_PROJECT_VERSION = 1;
				DEVELOPMENT_TEAM = VJS8ULRX7C;
				GENERATE_INFOPLIST_FILE = YES;
				INFOPLIST_FILE = armarioViewing/Info.plist;
				INFOPLIST_KEY_NSPhotoLibraryUsageDescription = "We want to save the filtered phoyo.";
				INFOPLIST_KEY_UIApplicationSupportsIndirectInputEvents = YES;
				INFOPLIST_KEY_UILaunchStoryboardName = LaunchScreen;
				INFOPLIST_KEY_UIMainStoryboardFile = Main;
				INFOPLIST_KEY_UISupportedInterfaceOrientations_iPad = "UIInterfaceOrientationPortrait UIInterfaceOrientationPortraitUpsideDown UIInterfaceOrientationLandscapeLeft UIInterfaceOrientationLandscapeRight";
				INFOPLIST_KEY_UISupportedInterfaceOrientations_iPhone = "UIInterfaceOrientationPortrait UIInterfaceOrientationLandscapeLeft UIInterfaceOrientationLandscapeRight";
				LD_RUNPATH_SEARCH_PATHS = (
					"$(inherited)",
					"@executable_path/Frameworks",
				);
				MARKETING_VERSION = 1.0;
				PRODUCT_BUNDLE_IDENTIFIER = santos10carolina.armarioViewing;
				PRODUCT_NAME = "$(TARGET_NAME)";
				SWIFT_EMIT_LOC_STRINGS = YES;
				SWIFT_VERSION = 5.0;
				TARGETED_DEVICE_FAMILY = "1,2";
			};
			name = Debug;
		};
		C9BAA5922742193F005C7210 /* Release */ = {
			isa = XCBuildConfiguration;
			baseConfigurationReference = 5A8E3A8F19BC4A26AFB671A8 /* Pods-armarioViewing.release.xcconfig */;
			buildSettings = {
				ASSETCATALOG_COMPILER_APPICON_NAME = AppIcon;
				ASSETCATALOG_COMPILER_GLOBAL_ACCENT_COLOR_NAME = AccentColor;
				CODE_SIGN_STYLE = Automatic;
				CURRENT_PROJECT_VERSION = 1;
				DEVELOPMENT_TEAM = VJS8ULRX7C;
				GENERATE_INFOPLIST_FILE = YES;
				INFOPLIST_FILE = armarioViewing/Info.plist;
				INFOPLIST_KEY_NSPhotoLibraryUsageDescription = "We want to save the filtered phoyo.";
				INFOPLIST_KEY_UIApplicationSupportsIndirectInputEvents = YES;
				INFOPLIST_KEY_UILaunchStoryboardName = LaunchScreen;
				INFOPLIST_KEY_UIMainStoryboardFile = Main;
				INFOPLIST_KEY_UISupportedInterfaceOrientations_iPad = "UIInterfaceOrientationPortrait UIInterfaceOrientationPortraitUpsideDown UIInterfaceOrientationLandscapeLeft UIInterfaceOrientationLandscapeRight";
				INFOPLIST_KEY_UISupportedInterfaceOrientations_iPhone = "UIInterfaceOrientationPortrait UIInterfaceOrientationLandscapeLeft UIInterfaceOrientationLandscapeRight";
				LD_RUNPATH_SEARCH_PATHS = (
					"$(inherited)",
					"@executable_path/Frameworks",
				);
				MARKETING_VERSION = 1.0;
				PRODUCT_BUNDLE_IDENTIFIER = santos10carolina.armarioViewing;
				PRODUCT_NAME = "$(TARGET_NAME)";
				SWIFT_EMIT_LOC_STRINGS = YES;
				SWIFT_VERSION = 5.0;
				TARGETED_DEVICE_FAMILY = "1,2";
			};
			name = Release;
		};
		C9BAA5942742193F005C7210 /* Debug */ = {
			isa = XCBuildConfiguration;
			baseConfigurationReference = F81BC77A0D84E8DFADA76BBB /* Pods-armarioViewingTests.debug.xcconfig */;
			buildSettings = {
				ALWAYS_EMBED_SWIFT_STANDARD_LIBRARIES = YES;
				BUNDLE_LOADER = "$(TEST_HOST)";
				"CODE_SIGN_IDENTITY[sdk=macosx*]" = "Apple Development";
				CODE_SIGN_STYLE = Automatic;
				CURRENT_PROJECT_VERSION = 1;
				DEVELOPMENT_TEAM = VJS8ULRX7C;
				GENERATE_INFOPLIST_FILE = YES;
				IPHONEOS_DEPLOYMENT_TARGET = 15.0;
				LD_RUNPATH_SEARCH_PATHS = (
					"$(inherited)",
					"@executable_path/Frameworks",
					"@loader_path/Frameworks",
				);
				MARKETING_VERSION = 1.0;
				PRODUCT_BUNDLE_IDENTIFIER = santos10carolina.armarioViewingTests;
				PRODUCT_NAME = "$(TARGET_NAME)";
				SWIFT_EMIT_LOC_STRINGS = NO;
				SWIFT_VERSION = 5.0;
				TARGETED_DEVICE_FAMILY = "1,2";
				TEST_HOST = "$(BUILT_PRODUCTS_DIR)/armarioViewing.app/armarioViewing";
			};
			name = Debug;
		};
		C9BAA5952742193F005C7210 /* Release */ = {
			isa = XCBuildConfiguration;
			baseConfigurationReference = DCF83C81D7FB76E922B4C66E /* Pods-armarioViewingTests.release.xcconfig */;
			buildSettings = {
				ALWAYS_EMBED_SWIFT_STANDARD_LIBRARIES = YES;
				BUNDLE_LOADER = "$(TEST_HOST)";
				"CODE_SIGN_IDENTITY[sdk=macosx*]" = "Apple Development";
				CODE_SIGN_STYLE = Automatic;
				CURRENT_PROJECT_VERSION = 1;
				DEVELOPMENT_TEAM = VJS8ULRX7C;
				GENERATE_INFOPLIST_FILE = YES;
				IPHONEOS_DEPLOYMENT_TARGET = 15.0;
				LD_RUNPATH_SEARCH_PATHS = (
					"$(inherited)",
					"@executable_path/Frameworks",
					"@loader_path/Frameworks",
				);
				MARKETING_VERSION = 1.0;
				PRODUCT_BUNDLE_IDENTIFIER = santos10carolina.armarioViewingTests;
				PRODUCT_NAME = "$(TARGET_NAME)";
				SWIFT_EMIT_LOC_STRINGS = NO;
				SWIFT_VERSION = 5.0;
				TARGETED_DEVICE_FAMILY = "1,2";
				TEST_HOST = "$(BUILT_PRODUCTS_DIR)/armarioViewing.app/armarioViewing";
			};
			name = Release;
		};
		C9BAA5972742193F005C7210 /* Debug */ = {
			isa = XCBuildConfiguration;
			baseConfigurationReference = 5C2005BBB5AECEAD295F535F /* Pods-armarioViewing-armarioViewingUITests.debug.xcconfig */;
			buildSettings = {
				ALWAYS_EMBED_SWIFT_STANDARD_LIBRARIES = YES;
				CODE_SIGN_STYLE = Automatic;
				CURRENT_PROJECT_VERSION = 1;
				GENERATE_INFOPLIST_FILE = YES;
				LD_RUNPATH_SEARCH_PATHS = (
					"$(inherited)",
					"@executable_path/Frameworks",
					"@loader_path/Frameworks",
				);
				MARKETING_VERSION = 1.0;
				PRODUCT_BUNDLE_IDENTIFIER = santos10carolina.armarioViewingUITests;
				PRODUCT_NAME = "$(TARGET_NAME)";
				SWIFT_EMIT_LOC_STRINGS = NO;
				SWIFT_VERSION = 5.0;
				TARGETED_DEVICE_FAMILY = "1,2";
				TEST_TARGET_NAME = armarioViewing;
			};
			name = Debug;
		};
		C9BAA5982742193F005C7210 /* Release */ = {
			isa = XCBuildConfiguration;
			baseConfigurationReference = B113C41B5B1F6EA0B0FA9A76 /* Pods-armarioViewing-armarioViewingUITests.release.xcconfig */;
			buildSettings = {
				ALWAYS_EMBED_SWIFT_STANDARD_LIBRARIES = YES;
				CODE_SIGN_STYLE = Automatic;
				CURRENT_PROJECT_VERSION = 1;
				GENERATE_INFOPLIST_FILE = YES;
				LD_RUNPATH_SEARCH_PATHS = (
					"$(inherited)",
					"@executable_path/Frameworks",
					"@loader_path/Frameworks",
				);
				MARKETING_VERSION = 1.0;
				PRODUCT_BUNDLE_IDENTIFIER = santos10carolina.armarioViewingUITests;
				PRODUCT_NAME = "$(TARGET_NAME)";
				SWIFT_EMIT_LOC_STRINGS = NO;
				SWIFT_VERSION = 5.0;
				TARGETED_DEVICE_FAMILY = "1,2";
				TEST_TARGET_NAME = armarioViewing;
			};
			name = Release;
		};
/* End XCBuildConfiguration section */

/* Begin XCConfigurationList section */
		C9BAA5612742193D005C7210 /* Build configuration list for PBXProject "armarioViewing" */ = {
			isa = XCConfigurationList;
			buildConfigurations = (
				C9BAA58E2742193F005C7210 /* Debug */,
				C9BAA58F2742193F005C7210 /* Release */,
			);
			defaultConfigurationIsVisible = 0;
			defaultConfigurationName = Release;
		};
		C9BAA5902742193F005C7210 /* Build configuration list for PBXNativeTarget "armarioViewing" */ = {
			isa = XCConfigurationList;
			buildConfigurations = (
				C9BAA5912742193F005C7210 /* Debug */,
				C9BAA5922742193F005C7210 /* Release */,
			);
			defaultConfigurationIsVisible = 0;
			defaultConfigurationName = Release;
		};
		C9BAA5932742193F005C7210 /* Build configuration list for PBXNativeTarget "armarioViewingTests" */ = {
			isa = XCConfigurationList;
			buildConfigurations = (
				C9BAA5942742193F005C7210 /* Debug */,
				C9BAA5952742193F005C7210 /* Release */,
			);
			defaultConfigurationIsVisible = 0;
			defaultConfigurationName = Release;
		};
		C9BAA5962742193F005C7210 /* Build configuration list for PBXNativeTarget "armarioViewingUITests" */ = {
			isa = XCConfigurationList;
			buildConfigurations = (
				C9BAA5972742193F005C7210 /* Debug */,
				C9BAA5982742193F005C7210 /* Release */,
			);
			defaultConfigurationIsVisible = 0;
			defaultConfigurationName = Release;
		};
/* End XCConfigurationList section */
	};
	rootObject = C9BAA55E2742193D005C7210 /* Project object */;
}
